// !$*UTF8*$!
{
	archiveVersion = 1;
	classes = {
	};
	objectVersion = 46;
	objects = {

/* Begin PBXBuildFile section */
		BF32CC281DA2E0A7005413F0 /* AppDelegate.swift in Sources */ = {isa = PBXBuildFile; fileRef = BF32CC271DA2E0A7005413F0 /* AppDelegate.swift */; };
		BF32CC2A1DA2E0A7005413F0 /* ViewController.swift in Sources */ = {isa = PBXBuildFile; fileRef = BF32CC291DA2E0A7005413F0 /* ViewController.swift */; };
		BF32CC2D1DA2E0A7005413F0 /* Main.storyboard in Resources */ = {isa = PBXBuildFile; fileRef = BF32CC2B1DA2E0A7005413F0 /* Main.storyboard */; };
		BF32CC2F1DA2E0A7005413F0 /* Assets.xcassets in Resources */ = {isa = PBXBuildFile; fileRef = BF32CC2E1DA2E0A7005413F0 /* Assets.xcassets */; };
		BF32CC321DA2E0A7005413F0 /* LaunchScreen.storyboard in Resources */ = {isa = PBXBuildFile; fileRef = BF32CC301DA2E0A7005413F0 /* LaunchScreen.storyboard */; };
		BF32CC3A1DA2E34F005413F0 /* CareerViewController.swift in Sources */ = {isa = PBXBuildFile; fileRef = BF32CC391DA2E34F005413F0 /* CareerViewController.swift */; };
		BF32CC3C1DA2E364005413F0 /* FriendsViewController.swift in Sources */ = {isa = PBXBuildFile; fileRef = BF32CC3B1DA2E364005413F0 /* FriendsViewController.swift */; };
		BF32CC3E1DA2E376005413F0 /* HobbiesViewController.swift in Sources */ = {isa = PBXBuildFile; fileRef = BF32CC3D1DA2E376005413F0 /* HobbiesViewController.swift */; };
		BF32CC421DA2E3A6005413F0 /* IndexViewController.swift in Sources */ = {isa = PBXBuildFile; fileRef = BF32CC411DA2E3A6005413F0 /* IndexViewController.swift */; };
		BF32CC441DA2E3BC005413F0 /* PastViewController.swift in Sources */ = {isa = PBXBuildFile; fileRef = BF32CC431DA2E3BC005413F0 /* PastViewController.swift */; };
/* End PBXBuildFile section */

/* Begin PBXFileReference section */
		BF32CC241DA2E0A7005413F0 /* AboutMeApp.app */ = {isa = PBXFileReference; explicitFileType = wrapper.application; includeInIndex = 0; path = AboutMeApp.app; sourceTree = BUILT_PRODUCTS_DIR; };
		BF32CC271DA2E0A7005413F0 /* AppDelegate.swift */ = {isa = PBXFileReference; lastKnownFileType = sourcecode.swift; path = AppDelegate.swift; sourceTree = "<group>"; };
		BF32CC291DA2E0A7005413F0 /* ViewController.swift */ = {isa = PBXFileReference; lastKnownFileType = sourcecode.swift; path = ViewController.swift; sourceTree = "<group>"; };
		BF32CC2C1DA2E0A7005413F0 /* Base */ = {isa = PBXFileReference; lastKnownFileType = file.storyboard; name = Base; path = Base.lproj/Main.storyboard; sourceTree = "<group>"; };
		BF32CC2E1DA2E0A7005413F0 /* Assets.xcassets */ = {isa = PBXFileReference; lastKnownFileType = folder.assetcatalog; path = Assets.xcassets; sourceTree = "<group>"; };
		BF32CC311DA2E0A7005413F0 /* Base */ = {isa = PBXFileReference; lastKnownFileType = file.storyboard; name = Base; path = Base.lproj/LaunchScreen.storyboard; sourceTree = "<group>"; };
		BF32CC331DA2E0A7005413F0 /* Info.plist */ = {isa = PBXFileReference; lastKnownFileType = text.plist.xml; path = Info.plist; sourceTree = "<group>"; };
		BF32CC391DA2E34F005413F0 /* CareerViewController.swift */ = {isa = PBXFileReference; fileEncoding = 4; lastKnownFileType = sourcecode.swift; name = CareerViewController.swift; path = Controller/CareerViewController.swift; sourceTree = "<group>"; };
		BF32CC3B1DA2E364005413F0 /* FriendsViewController.swift */ = {isa = PBXFileReference; fileEncoding = 4; lastKnownFileType = sourcecode.swift; name = FriendsViewController.swift; path = Controller/FriendsViewController.swift; sourceTree = "<group>"; };
		BF32CC3D1DA2E376005413F0 /* HobbiesViewController.swift */ = {isa = PBXFileReference; fileEncoding = 4; lastKnownFileType = sourcecode.swift; name = HobbiesViewController.swift; path = Controller/HobbiesViewController.swift; sourceTree = "<group>"; };
		BF32CC411DA2E3A6005413F0 /* IndexViewController.swift */ = {isa = PBXFileReference; fileEncoding = 4; lastKnownFileType = sourcecode.swift; name = IndexViewController.swift; path = Controller/IndexViewController.swift; sourceTree = "<group>"; };
		BF32CC431DA2E3BC005413F0 /* PastViewController.swift */ = {isa = PBXFileReference; fileEncoding = 4; lastKnownFileType = sourcecode.swift; name = PastViewController.swift; path = Controller/PastViewController.swift; sourceTree = "<group>"; };
/* End PBXFileReference section */

/* Begin PBXFrameworksBuildPhase section */
		BF32CC211DA2E0A7005413F0 /* Frameworks */ = {
			isa = PBXFrameworksBuildPhase;
			buildActionMask = 2147483647;
			files = (
			);
			runOnlyForDeploymentPostprocessing = 0;
		};
/* End PBXFrameworksBuildPhase section */

/* Begin PBXGroup section */
		BF32CC1B1DA2E0A7005413F0 = {
			isa = PBXGroup;
			children = (
				BF32CC261DA2E0A7005413F0 /* AboutMeApp */,
				BF32CC251DA2E0A7005413F0 /* Products */,
			);
			sourceTree = "<group>";
		};
		BF32CC251DA2E0A7005413F0 /* Products */ = {
			isa = PBXGroup;
			children = (
				BF32CC241DA2E0A7005413F0 /* AboutMeApp.app */,
			);
			name = Products;
			sourceTree = "<group>";
		};
		BF32CC261DA2E0A7005413F0 /* AboutMeApp */ = {
			isa = PBXGroup;
			children = (
				BF32CC271DA2E0A7005413F0 /* AppDelegate.swift */,
				BF32CC291DA2E0A7005413F0 /* ViewController.swift */,
				BF32CC2B1DA2E0A7005413F0 /* Main.storyboard */,
				BF32CC2E1DA2E0A7005413F0 /* Assets.xcassets */,
				BF32CC301DA2E0A7005413F0 /* LaunchScreen.storyboard */,
				BF32CC331DA2E0A7005413F0 /* Info.plist */,
				BF32CC391DA2E34F005413F0 /* CareerViewController.swift */,
				BF32CC3B1DA2E364005413F0 /* FriendsViewController.swift */,
				BF32CC3D1DA2E376005413F0 /* HobbiesViewController.swift */,
				BF32CC411DA2E3A6005413F0 /* IndexViewController.swift */,
				BF32CC431DA2E3BC005413F0 /* PastViewController.swift */,
			);
			path = AboutMeApp;
			sourceTree = "<group>";
		};
/* End PBXGroup section */

/* Begin PBXNativeTarget section */
		BF32CC231DA2E0A7005413F0 /* AboutMeApp */ = {
			isa = PBXNativeTarget;
			buildConfigurationList = BF32CC361DA2E0A7005413F0 /* Build configuration list for PBXNativeTarget "AboutMeApp" */;
			buildPhases = (
				BF32CC201DA2E0A7005413F0 /* Sources */,
				BF32CC211DA2E0A7005413F0 /* Frameworks */,
				BF32CC221DA2E0A7005413F0 /* Resources */,
			);
			buildRules = (
			);
			dependencies = (
			);
			name = AboutMeApp;
			productName = AboutMeApp;
			productReference = BF32CC241DA2E0A7005413F0 /* AboutMeApp.app */;
			productType = "com.apple.product-type.application";
		};
/* End PBXNativeTarget section */

/* Begin PBXProject section */
		BF32CC1C1DA2E0A7005413F0 /* Project object */ = {
			isa = PBXProject;
			attributes = {
				LastSwiftUpdateCheck = 0720;
				LastUpgradeCheck = 0720;
				ORGANIZATIONNAME = "Hill, Isaac";
				TargetAttributes = {
					BF32CC231DA2E0A7005413F0 = {
						CreatedOnToolsVersion = 7.2;
					};
				};
			};
			buildConfigurationList = BF32CC1F1DA2E0A7005413F0 /* Build configuration list for PBXProject "AboutMeApp" */;
			compatibilityVersion = "Xcode 3.2";
			developmentRegion = English;
			hasScannedForEncodings = 0;
			knownRegions = (
				en,
				Base,
			);
			mainGroup = BF32CC1B1DA2E0A7005413F0;
			productRefGroup = BF32CC251DA2E0A7005413F0 /* Products */;
			projectDirPath = "";
			projectRoot = "";
			targets = (
				BF32CC231DA2E0A7005413F0 /* AboutMeApp */,
			);
		};
/* End PBXProject section */

/* Begin PBXResourcesBuildPhase section */
		BF32CC221DA2E0A7005413F0 /* Resources */ = {
			isa = PBXResourcesBuildPhase;
			buildActionMask = 2147483647;
			files = (
				BF32CC321DA2E0A7005413F0 /* LaunchScreen.storyboard in Resources */,
				BF32CC2F1DA2E0A7005413F0 /* Assets.xcassets in Resources */,
				BF32CC2D1DA2E0A7005413F0 /* Main.storyboard in Resources */,
			);
			runOnlyForDeploymentPostprocessing = 0;
		};
/* End PBXResourcesBuildPhase section */

/* Begin PBXSourcesBuildPhase section */
		BF32CC201DA2E0A7005413F0 /* Sources */ = {
			isa = PBXSourcesBuildPhase;
			buildActionMask = 2147483647;
			files = (
				BF32CC441DA2E3BC005413F0 /* PastViewController.swift in Sources */,
				BF32CC3C1DA2E364005413F0 /* FriendsViewController.swift in Sources */,
				BF32CC2A1DA2E0A7005413F0 /* ViewController.swift in Sources */,
				BF32CC3A1DA2E34F005413F0 /* CareerViewController.swift in Sources */,
				BF32CC281DA2E0A7005413F0 /* AppDelegate.swift in Sources */,
				BF32CC3E1DA2E376005413F0 /* HobbiesViewController.swift in Sources */,
				BF32CC421DA2E3A6005413F0 /* IndexViewController.swift in Sources */,
			);
			runOnlyForDeploymentPostprocessing = 0;
		};
/* End PBXSourcesBuildPhase section */

/* Begin PBXVariantGroup section */
		BF32CC2B1DA2E0A7005413F0 /* Main.storyboard */ = {
			isa = PBXVariantGroup;
			children = (
				BF32CC2C1DA2E0A7005413F0 /* Base */,
			);
			name = Main.storyboard;
			sourceTree = "<group>";
		};
		BF32CC301DA2E0A7005413F0 /* LaunchScreen.storyboard */ = {
			isa = PBXVariantGroup;
			children = (
				BF32CC311DA2E0A7005413F0 /* Base */,
			);
			name = LaunchScreen.storyboard;
			sourceTree = "<group>";
		};
/* End PBXVariantGroup section */

/* Begin XCBuildConfiguration section */
		BF32CC341DA2E0A7005413F0 /* Debug */ = {
			isa = XCBuildConfiguration;
			buildSettings = {
				ALWAYS_SEARCH_USER_PATHS = NO;
				CLANG_CXX_LANGUAGE_STANDARD = "gnu++0x";
				CLANG_CXX_LIBRARY = "libc++";
				CLANG_ENABLE_MODULES = YES;
				CLANG_ENABLE_OBJC_ARC = YES;
				CLANG_WARN_BOOL_CONVERSION = YES;
				CLANG_WARN_CONSTANT_CONVERSION = YES;
				CLANG_WARN_DIRECT_OBJC_ISA_USAGE = YES_ERROR;
				CLANG_WARN_EMPTY_BODY = YES;
				CLANG_WARN_ENUM_CONVERSION = YES;
				CLANG_WARN_INT_CONVERSION = YES;
				CLANG_WARN_OBJC_ROOT_CLASS = YES_ERROR;
				CLANG_WARN_UNREACHABLE_CODE = YES;
				CLANG_WARN__DUPLICATE_METHOD_MATCH = YES;
				"CODE_SIGN_IDENTITY[sdk=iphoneos*]" = "iPhone Developer";
				COPY_PHASE_STRIP = NO;
				DEBUG_INFORMATION_FORMAT = dwarf;
				ENABLE_STRICT_OBJC_MSGSEND = YES;
				ENABLE_TESTABILITY = YES;
				GCC_C_LANGUAGE_STANDARD = gnu99;
				GCC_DYNAMIC_NO_PIC = NO;
				GCC_NO_COMMON_BLOCKS = YES;
				GCC_OPTIMIZATION_LEVEL = 0;
				GCC_PREPROCESSOR_DEFINITIONS = (
					"DEBUG=1",
					"$(inherited)",
				);
				GCC_WARN_64_TO_32_BIT_CONVERSION = YES;
				GCC_WARN_ABOUT_RETURN_TYPE = YES_ERROR;
				GCC_WARN_UNDECLARED_SELECTOR = YES;
				GCC_WARN_UNINITIALIZED_AUTOS = YES_AGGRESSIVE;
				GCC_WARN_UNUSED_FUNCTION = YES;
				GCC_WARN_UNUSED_VARIABLE = YES;
				IPHONEOS_DEPLOYMENT_TARGET = 9.2;
				MTL_ENABLE_DEBUG_INFO = YES;
				ONLY_ACTIVE_ARCH = YES;
				SDKROOT = iphoneos;
				SWIFT_OPTIMIZATION_LEVEL = "-Onone";
				TARGETED_DEVICE_FAMILY = "1,2";
			};
			name = Debug;
		};
		BF32CC351DA2E0A7005413F0 /* Release */ = {
			isa = XCBuildConfiguration;
			buildSettings = {
				ALWAYS_SEARCH_USER_PATHS = NO;
				CLANG_CXX_LANGUAGE_STANDARD = "gnu++0x";
				CLANG_CXX_LIBRARY = "libc++";
				CLANG_ENABLE_MODULES = YES;
				CLANG_ENABLE_OBJC_ARC = YES;
				CLANG_WARN_BOOL_CONVERSION = YES;
				CLANG_WARN_CONSTANT_CONVERSION = YES;
				CLANG_WARN_DIRECT_OBJC_ISA_USAGE = YES_ERROR;
				CLANG_WARN_EMPTY_BODY = YES;
				CLANG_WARN_ENUM_CONVERSION = YES;
				CLANG_WARN_INT_CONVERSION = YES;
				CLANG_WARN_OBJC_ROOT_CLASS = YES_ERROR;
				CLANG_WARN_UNREACHABLE_CODE = YES;
				CLANG_WARN__DUPLICATE_METHOD_MATCH = YES;
				"CODE_SIGN_IDENTITY[sdk=iphoneos*]" = "iPhone Developer";
				COPY_PHASE_STRIP = NO;
				DEBUG_INFORMATION_FORMAT = "dwarf-with-dsym";
				ENABLE_NS_ASSERTIONS = NO;
				ENABLE_STRICT_OBJC_MSGSEND = YES;
				GCC_C_LANGUAGE_STANDARD = gnu99;
				GCC_NO_COMMON_BLOCKS = YES;
				GCC_WARN_64_TO_32_BIT_CONVERSION = YES;
				GCC_WARN_ABOUT_RETURN_TYPE = YES_ERROR;
				GCC_WARN_UNDECLARED_SELECTOR = YES;
				GCC_WARN_UNINITIALIZED_AUTOS = YES_AGGRESSIVE;
				GCC_WARN_UNUSED_FUNCTION = YES;
				GCC_WARN_UNUSED_VARIABLE = YES;
				IPHONEOS_DEPLOYMENT_TARGET = 9.2;
				MTL_ENABLE_DEBUG_INFO = NO;
				SDKROOT = iphoneos;
				TARGETED_DEVICE_FAMILY = "1,2";
				VALIDATE_PRODUCT = YES;
			};
			name = Release;
		};
		BF32CC371DA2E0A7005413F0 /* Debug */ = {
			isa = XCBuildConfiguration;
			buildSettings = {
				ASSETCATALOG_COMPILER_APPICON_NAME = AppIcon;
				INFOPLIST_FILE = AboutMeApp/Info.plist;
				LD_RUNPATH_SEARCH_PATHS = "$(inherited) @executable_path/Frameworks";
				PRODUCT_BUNDLE_IDENTIFIER = CTEC.AboutMeApp;
				PRODUCT_NAME = "$(TARGET_NAME)";
			};
			name = Debug;
		};
		BF32CC381DA2E0A7005413F0 /* Release */ = {
			isa = XCBuildConfiguration;
			buildSettings = {
				ASSETCATALOG_COMPILER_APPICON_NAME = AppIcon;
				INFOPLIST_FILE = AboutMeApp/Info.plist;
				LD_RUNPATH_SEARCH_PATHS = "$(inherited) @executable_path/Frameworks";
				PRODUCT_BUNDLE_IDENTIFIER = CTEC.AboutMeApp;
				PRODUCT_NAME = "$(TARGET_NAME)";
			};
			name = Release;
		};
/* End XCBuildConfiguration section */

/* Begin XCConfigurationList section */
		BF32CC1F1DA2E0A7005413F0 /* Build configuration list for PBXProject "AboutMeApp" */ = {
			isa = XCConfigurationList;
			buildConfigurations = (
				BF32CC341DA2E0A7005413F0 /* Debug */,
				BF32CC351DA2E0A7005413F0 /* Release */,
			);
			defaultConfigurationIsVisible = 0;
			defaultConfigurationName = Release;
		};
		BF32CC361DA2E0A7005413F0 /* Build configuration list for PBXNativeTarget "AboutMeApp" */ = {
			isa = XCConfigurationList;
			buildConfigurations = (
				BF32CC371DA2E0A7005413F0 /* Debug */,
				BF32CC381DA2E0A7005413F0 /* Release */,
			);
			defaultConfigurationIsVisible = 0;
		};
/* End XCConfigurationList section */
	};
	rootObject = BF32CC1C1DA2E0A7005413F0 /* Project object */;
}
